
Microsoft Visual Studio Solution File, Format Version 12.00
# Visual Studio Version 17
VisualStudioVersion = 17.11.35222.181
MinimumVisualStudioVersion = 10.0.40219.1
Project("{FAE04EC0-301F-11D3-BF4B-00C04F79EFBC}") = "SOLID3LSP", "SOLID3LSP\SOLID3LSP.csproj", "{592F6239-F53A-4B78-AB0C-AF181E152987}"
EndProject
Global
	GlobalSection(SolutionConfigurationPlatforms) = preSolution
		Debug|Any CPU = Debug|Any CPU
		Release|Any CPU = Release|Any CPU
	EndGlobalSection
	GlobalSection(ProjectConfigurationPlatforms) = postSolution
		{592F6239-F53A-4B78-AB0C-AF181E152987}.Debug|Any CPU.ActiveCfg = Debug|Any CPU
		{592F6239-F53A-4B78-AB0C-AF181E152987}.Debug|Any CPU.Build.0 = Debug|Any CPU
		{592F6239-F53A-4B78-AB0C-AF181E152987}.Release|Any CPU.ActiveCfg = Release|Any CPU
		{592F6239-F53A-4B78-AB0C-AF181E152987}.Release|Any CPU.Build.0 = Release|Any CPU
	EndGlobalSection
	GlobalSection(SolutionProperties) = preSolution
		HideSolutionNode = FALSE
	EndGlobalSection
	GlobalSection(ExtensibilityGlobals) = postSolution
		SolutionGuid = {48353E65-C344-4490-B15F-FB6CFE883FEB}
	EndGlobalSection
EndGlobal
